{
  "name": "an-outlandish-mean-app",
  "version": "1.0.0",
  "lockfileVersion": 1,
  "requires": true,
  "dependencies": {
    "async": {
      "version": "0.1.22",
      "resolved": "https://registry.npmjs.org/async/-/async-0.1.22.tgz",
      "integrity": "sha1-D8GqoIig4+8Ovi2IMbqw3PiEUGE="
    },
    "colors": {
      "version": "0.6.2",
      "resolved": "https://registry.npmjs.org/colors/-/colors-0.6.2.tgz",
      "integrity": "sha1-JCP+ZnisDF2uiFLl0OW+CMmXq8w="
    },
    "cycle": {
      "version": "1.0.3",
      "resolved": "https://registry.npmjs.org/cycle/-/cycle-1.0.3.tgz",
      "integrity": "sha1-IegLK+hYD5i0aPN5QwZisEbDStI="
    },
    "eyes": {
      "version": "0.1.8",
      "resolved": "https://registry.npmjs.org/eyes/-/eyes-0.1.8.tgz",
      "integrity": "sha1-Ys8SAjTGg3hdkCNIqADvPgzCC8A="
    },
    "generic-pool": {
      "version": "2.0.2",
      "resolved": "https://registry.npmjs.org/generic-pool/-/generic-pool-2.0.2.tgz",
      "integrity": "sha1-YBXerdTOFX2074PKrJmE6JsQCRI="
    },
    "migratedb": {
      "version": "0.0.0",
      "resolved": "https://registry.npmjs.org/migratedb/-/migratedb-0.0.0.tgz",
      "integrity": "sha1-KweDX+aVUjMF8xam5u0wx73Scbk=",
      "requires": {
        "async": "0.1.22",
        "optimist": "0.3.5",
        "pg": "0.11.3",
        "simplesets": "1.2.0",
        "winston": "0.6.2"
      },
      "dependencies": {
        "pg": {
          "version": "0.11.3",
          "resolved": "https://registry.npmjs.org/pg/-/pg-0.11.3.tgz",
          "integrity": "sha1-H7bJfNfXgIAWLKvRZAnCPjBYCFo=",
          "requires": {
            "generic-pool": "2.0.2"
          }
        }
      }
    },
    "optimist": {
      "version": "0.3.5",
      "resolved": "https://registry.npmjs.org/optimist/-/optimist-0.3.5.tgz",
      "integrity": "sha1-A2VLUkFwMDEtEJ85sVmCW2AwkwQ=",
      "requires": {
        "wordwrap": "0.0.3"
      }
    },
    "pkginfo": {
      "version": "0.2.3",
      "resolved": "https://registry.npmjs.org/pkginfo/-/pkginfo-0.2.3.tgz",
      "integrity": "sha1-cjnEKl72wwuPMoQ52bn/cQQkkPg="
    },
    "request": {
      "version": "2.9.203",
      "resolved": "https://registry.npmjs.org/request/-/request-2.9.203.tgz",
      "integrity": "sha1-bBcRpUB/uUoRQhlWPkQUW8v0cjo="
    },
    "simplesets": {
      "version": "1.2.0",
      "resolved": "https://registry.npmjs.org/simplesets/-/simplesets-1.2.0.tgz",
      "integrity": "sha1-gUs3HaV39ZeIsoS25/x2Ur9/Sxk="
    },
    "stack-trace": {
      "version": "0.0.10",
      "resolved": "https://registry.npmjs.org/stack-trace/-/stack-trace-0.0.10.tgz",
      "integrity": "sha1-VHxws0fo0ytOEI6hoqFZ5f3eGcA="
    },
    "winston": {
      "version": "0.6.2",
      "resolved": "https://registry.npmjs.org/winston/-/winston-0.6.2.tgz",
      "integrity": "sha1-QUT+JYbNwZphK/jANVkBMskGS9I=",
      "requires": {
        "async": "0.1.22",
        "colors": "0.6.2",
        "cycle": "1.0.3",
        "eyes": "0.1.8",
        "pkginfo": "0.2.3",
        "request": "2.9.203",
        "stack-trace": "0.0.10"
      }
    },
    "wordwrap": {
      "version": "0.0.3",
      "resolved": "https://registry.npmjs.org/wordwrap/-/wordwrap-0.0.3.tgz",
      "integrity": "sha1-o9XabNXAvAAI03I0u68b7WMFkQc="
    }
  }
}
